
Microsoft Visual Studio Solution File, Format Version 12.00
# Visual Studio 15
VisualStudioVersion = 15.0.28307.271
MinimumVisualStudioVersion = 10.0.40219.1
Project("{FAE04EC0-301F-11D3-BF4B-00C04F79EFBC}") = "PlayerGhostmode", "PlayerGhostmode\PlayerGhostmode.csproj", "{FBE94E10-C0E5-4E7E-9F4F-7B3F06440A82}"
EndProject
Global
	GlobalSection(SolutionConfigurationPlatforms) = preSolution
		Debug|Any CPU = Debug|Any CPU
		Release|Any CPU = Release|Any CPU
	EndGlobalSection
	GlobalSection(ProjectConfigurationPlatforms) = postSolution
		{FBE94E10-C0E5-4E7E-9F4F-7B3F06440A82}.Debug|Any CPU.ActiveCfg = Debug|Any CPU
		{FBE94E10-C0E5-4E7E-9F4F-7B3F06440A82}.Debug|Any CPU.Build.0 = Debug|Any CPU
		{FBE94E10-C0E5-4E7E-9F4F-7B3F06440A82}.Release|Any CPU.ActiveCfg = Release|Any CPU
		{FBE94E10-C0E5-4E7E-9F4F-7B3F06440A82}.Release|Any CPU.Build.0 = Release|Any CPU
	EndGlobalSection
	GlobalSection(SolutionProperties) = preSolution
		HideSolutionNode = FALSE
	EndGlobalSection
	GlobalSection(ExtensibilityGlobals) = postSolution
		SolutionGuid = {A05D834E-9A04-4797-B6D6-566E065B9EA7}
	EndGlobalSection
EndGlobal
